
Microsoft Visual Studio Solution File, Format Version 12.00
# Visual Studio Version 17
VisualStudioVersion = 17.0.31903.59
MinimumVisualStudioVersion = 10.0.40219.1
Project("{2150E333-8FDC-42A3-9474-1A3956D46DE8}") = "src", "src", "{85B4A9E9-44AE-4E4D-82DA-B22EF75D7848}"
EndProject
Project("{FAE04EC0-301F-11D3-BF4B-00C04F79EFBC}") = "BillingService", "src\BillingService\BillingService.csproj", "{A4F3543A-41CF-430B-ACCD-64E118AD6D05}"
EndProject
Project("{FAE04EC0-301F-11D3-BF4B-00C04F79EFBC}") = "DataTrackingService", "src\DataTrackingService\DataTrackingService.csproj", "{0A332AB9-A5CD-4184-9992-FAB3E07FDEB4}"
EndProject
Project("{FAE04EC0-301F-11D3-BF4B-00C04F79EFBC}") = "ProviderService", "src\ProviderService\ProviderService.csproj", "{E2C2F0E5-1D6A-4AEE-9A52-D1F5F439A6F5}"
EndProject
Project("{FAE04EC0-301F-11D3-BF4B-00C04F79EFBC}") = "ReviewsService", "src\ReviewsService\ReviewsService.csproj", "{141DE491-B11F-448C-9509-716956A08DD2}"
EndProject
Project("{FAE04EC0-301F-11D3-BF4B-00C04F79EFBC}") = "Shared", "src\Shared\Shared.csproj", "{5DFEB164-B1C3-4122-AD42-2049163A3D1C}"
EndProject
Project("{FAE04EC0-301F-11D3-BF4B-00C04F79EFBC}") = "StationService", "src\StationService\StationService.csproj", "{C2A01204-0A5E-4194-B55B-01A90D0E3C86}"
EndProject
Project("{FAE04EC0-301F-11D3-BF4B-00C04F79EFBC}") = "UserService", "src\UserService\UserService.csproj", "{5817E8C4-2ED5-4E53-AB03-80E6D62D18AD}"
EndProject
Project("{FAE04EC0-301F-11D3-BF4B-00C04F79EFBC}") = "UserService.Tests", "src\UserService.Tests\UserService.Tests.csproj", "{BEDD873E-84BB-47F9-BB60-3AFE0388C548}"
EndProject
Project("{FAE04EC0-301F-11D3-BF4B-00C04F79EFBC}") = "StationService.Tests", "src\StationService.Tests\StationService.Tests.csproj", "{CB42F3E1-B2CD-406D-A3A8-65CA4DF3DC9C}"
EndProject
Project("{FAE04EC0-301F-11D3-BF4B-00C04F79EFBC}") = "ReviewsService.Tests", "src\ReviewsService.Tests\ReviewsService.Tests.csproj", "{25FA2018-9A93-42A3-BC0A-A7D3678EB555}"
EndProject
Project("{FAE04EC0-301F-11D3-BF4B-00C04F79EFBC}") = "ProviderService.Tests", "src\ProviderService.Tests\ProviderService.Tests.csproj", "{B64A12D6-19BD-4E53-8896-12C3F763A23D}"
EndProject
Project("{FAE04EC0-301F-11D3-BF4B-00C04F79EFBC}") = "DataTrackingService.Tests", "src\DataTrackingService.Tests\DataTrackingService.Tests.csproj", "{24D2E372-9290-416D-9711-5C9473564122}"
EndProject
Project("{FAE04EC0-301F-11D3-BF4B-00C04F79EFBC}") = "BillingService.Tests", "src\BillingService.Tests\BillingService.Tests.csproj", "{227A6A39-6522-4999-992D-2581A375F97E}"
EndProject
Global
	GlobalSection(SolutionConfigurationPlatforms) = preSolution
		Debug|Any CPU = Debug|Any CPU
		Release|Any CPU = Release|Any CPU
	EndGlobalSection
	GlobalSection(SolutionProperties) = preSolution
		HideSolutionNode = FALSE
	EndGlobalSection
	GlobalSection(ProjectConfigurationPlatforms) = postSolution
		{A4F3543A-41CF-430B-ACCD-64E118AD6D05}.Debug|Any CPU.ActiveCfg = Debug|Any CPU
		{A4F3543A-41CF-430B-ACCD-64E118AD6D05}.Debug|Any CPU.Build.0 = Debug|Any CPU
		{A4F3543A-41CF-430B-ACCD-64E118AD6D05}.Release|Any CPU.ActiveCfg = Release|Any CPU
		{A4F3543A-41CF-430B-ACCD-64E118AD6D05}.Release|Any CPU.Build.0 = Release|Any CPU
		{0A332AB9-A5CD-4184-9992-FAB3E07FDEB4}.Debug|Any CPU.ActiveCfg = Debug|Any CPU
		{0A332AB9-A5CD-4184-9992-FAB3E07FDEB4}.Debug|Any CPU.Build.0 = Debug|Any CPU
		{0A332AB9-A5CD-4184-9992-FAB3E07FDEB4}.Release|Any CPU.ActiveCfg = Release|Any CPU
		{0A332AB9-A5CD-4184-9992-FAB3E07FDEB4}.Release|Any CPU.Build.0 = Release|Any CPU
		{E2C2F0E5-1D6A-4AEE-9A52-D1F5F439A6F5}.Debug|Any CPU.ActiveCfg = Debug|Any CPU
		{E2C2F0E5-1D6A-4AEE-9A52-D1F5F439A6F5}.Debug|Any CPU.Build.0 = Debug|Any CPU
		{E2C2F0E5-1D6A-4AEE-9A52-D1F5F439A6F5}.Release|Any CPU.ActiveCfg = Release|Any CPU
		{E2C2F0E5-1D6A-4AEE-9A52-D1F5F439A6F5}.Release|Any CPU.Build.0 = Release|Any CPU
		{141DE491-B11F-448C-9509-716956A08DD2}.Debug|Any CPU.ActiveCfg = Debug|Any CPU
		{141DE491-B11F-448C-9509-716956A08DD2}.Debug|Any CPU.Build.0 = Debug|Any CPU
		{141DE491-B11F-448C-9509-716956A08DD2}.Release|Any CPU.ActiveCfg = Release|Any CPU
		{141DE491-B11F-448C-9509-716956A08DD2}.Release|Any CPU.Build.0 = Release|Any CPU
		{5DFEB164-B1C3-4122-AD42-2049163A3D1C}.Debug|Any CPU.ActiveCfg = Debug|Any CPU
		{5DFEB164-B1C3-4122-AD42-2049163A3D1C}.Debug|Any CPU.Build.0 = Debug|Any CPU
		{5DFEB164-B1C3-4122-AD42-2049163A3D1C}.Release|Any CPU.ActiveCfg = Release|Any CPU
		{5DFEB164-B1C3-4122-AD42-2049163A3D1C}.Release|Any CPU.Build.0 = Release|Any CPU
		{C2A01204-0A5E-4194-B55B-01A90D0E3C86}.Debug|Any CPU.ActiveCfg = Debug|Any CPU
		{C2A01204-0A5E-4194-B55B-01A90D0E3C86}.Debug|Any CPU.Build.0 = Debug|Any CPU
		{C2A01204-0A5E-4194-B55B-01A90D0E3C86}.Release|Any CPU.ActiveCfg = Release|Any CPU
		{C2A01204-0A5E-4194-B55B-01A90D0E3C86}.Release|Any CPU.Build.0 = Release|Any CPU
		{5817E8C4-2ED5-4E53-AB03-80E6D62D18AD}.Debug|Any CPU.ActiveCfg = Debug|Any CPU
		{5817E8C4-2ED5-4E53-AB03-80E6D62D18AD}.Debug|Any CPU.Build.0 = Debug|Any CPU
		{5817E8C4-2ED5-4E53-AB03-80E6D62D18AD}.Release|Any CPU.ActiveCfg = Release|Any CPU
		{5817E8C4-2ED5-4E53-AB03-80E6D62D18AD}.Release|Any CPU.Build.0 = Release|Any CPU
		{BEDD873E-84BB-47F9-BB60-3AFE0388C548}.Debug|Any CPU.ActiveCfg = Debug|Any CPU
		{BEDD873E-84BB-47F9-BB60-3AFE0388C548}.Debug|Any CPU.Build.0 = Debug|Any CPU
		{BEDD873E-84BB-47F9-BB60-3AFE0388C548}.Release|Any CPU.ActiveCfg = Release|Any CPU
		{BEDD873E-84BB-47F9-BB60-3AFE0388C548}.Release|Any CPU.Build.0 = Release|Any CPU
		{CB42F3E1-B2CD-406D-A3A8-65CA4DF3DC9C}.Debug|Any CPU.ActiveCfg = Debug|Any CPU
		{CB42F3E1-B2CD-406D-A3A8-65CA4DF3DC9C}.Debug|Any CPU.Build.0 = Debug|Any CPU
		{CB42F3E1-B2CD-406D-A3A8-65CA4DF3DC9C}.Release|Any CPU.ActiveCfg = Release|Any CPU
		{CB42F3E1-B2CD-406D-A3A8-65CA4DF3DC9C}.Release|Any CPU.Build.0 = Release|Any CPU
		{25FA2018-9A93-42A3-BC0A-A7D3678EB555}.Debug|Any CPU.ActiveCfg = Debug|Any CPU
		{25FA2018-9A93-42A3-BC0A-A7D3678EB555}.Debug|Any CPU.Build.0 = Debug|Any CPU
		{25FA2018-9A93-42A3-BC0A-A7D3678EB555}.Release|Any CPU.ActiveCfg = Release|Any CPU
		{25FA2018-9A93-42A3-BC0A-A7D3678EB555}.Release|Any CPU.Build.0 = Release|Any CPU
		{B64A12D6-19BD-4E53-8896-12C3F763A23D}.Debug|Any CPU.ActiveCfg = Debug|Any CPU
		{B64A12D6-19BD-4E53-8896-12C3F763A23D}.Debug|Any CPU.Build.0 = Debug|Any CPU
		{B64A12D6-19BD-4E53-8896-12C3F763A23D}.Release|Any CPU.ActiveCfg = Release|Any CPU
		{B64A12D6-19BD-4E53-8896-12C3F763A23D}.Release|Any CPU.Build.0 = Release|Any CPU
		{24D2E372-9290-416D-9711-5C9473564122}.Debug|Any CPU.ActiveCfg = Debug|Any CPU
		{24D2E372-9290-416D-9711-5C9473564122}.Debug|Any CPU.Build.0 = Debug|Any CPU
		{24D2E372-9290-416D-9711-5C9473564122}.Release|Any CPU.ActiveCfg = Release|Any CPU
		{24D2E372-9290-416D-9711-5C9473564122}.Release|Any CPU.Build.0 = Release|Any CPU
		{227A6A39-6522-4999-992D-2581A375F97E}.Debug|Any CPU.ActiveCfg = Debug|Any CPU
		{227A6A39-6522-4999-992D-2581A375F97E}.Debug|Any CPU.Build.0 = Debug|Any CPU
		{227A6A39-6522-4999-992D-2581A375F97E}.Release|Any CPU.ActiveCfg = Release|Any CPU
		{227A6A39-6522-4999-992D-2581A375F97E}.Release|Any CPU.Build.0 = Release|Any CPU
	EndGlobalSection
	GlobalSection(NestedProjects) = preSolution
		{A4F3543A-41CF-430B-ACCD-64E118AD6D05} = {85B4A9E9-44AE-4E4D-82DA-B22EF75D7848}
		{0A332AB9-A5CD-4184-9992-FAB3E07FDEB4} = {85B4A9E9-44AE-4E4D-82DA-B22EF75D7848}
		{E2C2F0E5-1D6A-4AEE-9A52-D1F5F439A6F5} = {85B4A9E9-44AE-4E4D-82DA-B22EF75D7848}
		{141DE491-B11F-448C-9509-716956A08DD2} = {85B4A9E9-44AE-4E4D-82DA-B22EF75D7848}
		{5DFEB164-B1C3-4122-AD42-2049163A3D1C} = {85B4A9E9-44AE-4E4D-82DA-B22EF75D7848}
		{C2A01204-0A5E-4194-B55B-01A90D0E3C86} = {85B4A9E9-44AE-4E4D-82DA-B22EF75D7848}
		{5817E8C4-2ED5-4E53-AB03-80E6D62D18AD} = {85B4A9E9-44AE-4E4D-82DA-B22EF75D7848}
		{BEDD873E-84BB-47F9-BB60-3AFE0388C548} = {85B4A9E9-44AE-4E4D-82DA-B22EF75D7848}
		{CB42F3E1-B2CD-406D-A3A8-65CA4DF3DC9C} = {85B4A9E9-44AE-4E4D-82DA-B22EF75D7848}
		{25FA2018-9A93-42A3-BC0A-A7D3678EB555} = {85B4A9E9-44AE-4E4D-82DA-B22EF75D7848}
		{B64A12D6-19BD-4E53-8896-12C3F763A23D} = {85B4A9E9-44AE-4E4D-82DA-B22EF75D7848}
		{24D2E372-9290-416D-9711-5C9473564122} = {85B4A9E9-44AE-4E4D-82DA-B22EF75D7848}
		{227A6A39-6522-4999-992D-2581A375F97E} = {85B4A9E9-44AE-4E4D-82DA-B22EF75D7848}
	EndGlobalSection
EndGlobal
